
Microsoft Visual Studio Solution File, Format Version 12.00
# Visual Studio 15
VisualStudioVersion = 15.0.28307.1062
MinimumVisualStudioVersion = 10.0.40219.1
Project("{FAE04EC0-301F-11D3-BF4B-00C04F79EFBC}") = "DocumentSystem", "DocumentSystem\DocumentSystem.csproj", "{4E949DAE-B8F7-4CD0-AEE9-7C004A8CA630}"
EndProject
Global
	GlobalSection(SolutionConfigurationPlatforms) = preSolution
		Debug|Any CPU = Debug|Any CPU
		Release|Any CPU = Release|Any CPU
	EndGlobalSection
	GlobalSection(ProjectConfigurationPlatforms) = postSolution
		{4E949DAE-B8F7-4CD0-AEE9-7C004A8CA630}.Debug|Any CPU.ActiveCfg = Debug|Any CPU
		{4E949DAE-B8F7-4CD0-AEE9-7C004A8CA630}.Debug|Any CPU.Build.0 = Debug|Any CPU
		{4E949DAE-B8F7-4CD0-AEE9-7C004A8CA630}.Release|Any CPU.ActiveCfg = Release|Any CPU
		{4E949DAE-B8F7-4CD0-AEE9-7C004A8CA630}.Release|Any CPU.Build.0 = Release|Any CPU
	EndGlobalSection
	GlobalSection(SolutionProperties) = preSolution
		HideSolutionNode = FALSE
	EndGlobalSection
	GlobalSection(ExtensibilityGlobals) = postSolution
		SolutionGuid = {67D0CA20-9216-4B3C-967A-0402F5ADC039}
	EndGlobalSection
EndGlobal
